{
  "version": 4,
  "terraform_version": "1.6.1",
  "serial": 3,
  "lineage": "a81f52fb-6a05-a515-f753-6ddcaec85e87",
  "outputs": {},
  "resources": [
    {
      "module": "module.terraform-demo-cluster",
      "mode": "managed",
      "type": "tanzu-mission-control_cluster",
      "name": "create_tkgs_workload",
      "provider": "module.terraform-demo-cluster.provider[\"registry.terraform.io/vmware/tanzu-mission-control\"]",
      "instances": [
        {
          "schema_version": 0,
          "attributes": {
            "attach_k8s_cluster": [],
            "id": "c:01HCWQWQ5X2ENQ0NF2FDATEJ32",
            "management_cluster_name": "homelab-dev-tanzu",
            "meta": [
              {
                "annotations": {
                  "authoritativeRID": "rid:c:fc146fc8-5aa7-45b4-a4ea-b8c297477c23:homelab-dev-tanzu:sv1-dev-sandbox-vns:terraform-demo-cluster"
                },
                "description": "",
                "labels": {
                  "app": "Internal",
                  "ci-account": "homelab",
                  "ci-department": "IT",
                  "ci-e2customer": "internal",
                  "ci-env": "dev",
                  "ci-hubid": "000",
                  "ci-servicetier": "dummy",
                  "ci-solution": "Testing",
                  "ns-category": "workload",
                  "owner": "john-doe",
                  "project": "my-project",
                  "resourcequota": "default",
                  "team": "dev-team",
                  "tmc.cloud.vmware.com/creator": "rajesh.natarajan_homelab.com"
                },
                "resource_version": "663057:674982456",
                "uid": "c:01HCWQWQ5X2ENQ0NF2FDATEJ32"
              }
            ],
            "name": "terraform-demo-cluster",
            "provisioner_name": "sv1-dev-sandbox-vns",
            "ready_wait_timeout": "15m",
            "spec": [
              {
                "cluster_group": "dev-packages-demo",
                "image_registry": "",
                "proxy": "",
                "tkg_aws": [],
                "tkg_service_vsphere": [
                  {
                    "distribution": [
                      {
                        "os_arch": "",
                        "os_name": "",
                        "os_version": "",
                        "version": "v1.24.11+vmware.1-fips.1-tkg.1.ubuntu"
                      }
                    ],
                    "settings": [
                      {
                        "network": [
                          {
                            "pods": [
                              {
                                "cidr_blocks": [
                                  "172.20.0.0/16"
                                ]
                              }
                            ],
                            "services": [
                              {
                                "cidr_blocks": [
                                  "10.96.0.0/16"
                                ]
                              }
                            ]
                          }
                        ],
                        "storage": [
                          {
                            "classes": [
                              "vmfs-san"
                            ],
                            "default_class": "vmfs-san"
                          }
                        ]
                      }
                    ],
                    "topology": [
                      {
                        "control_plane": [
                          {
                            "class": "best-effort-large",
                            "high_availability": true,
                            "storage_class": "vmfs-san",
                            "volumes": [
                              {
                                "capacity": 50,
                                "mount_path": "/var/lib/etcd",
                                "name": "etcd",
                                "pvc_storage_class": "vmfs-san"
                              }
                            ]
                          }
                        ],
                        "node_pools": [
                          {
                            "info": [
                              {
                                "description": "",
                                "name": "default"
                              }
                            ],
                            "spec": [
                              {
                                "cloud_label": {
                                  "env": "dev"
                                },
                                "node_label": {
                                  "node": "worker"
                                },
                                "tkg_service_vsphere": [
                                  {
                                    "class": "best-effort-large",
                                    "failure_domain": "",
                                    "storage_class": "vmfs-san",
                                    "volumes": [
                                      {
                                        "capacity": 100,
                                        "mount_path": "/var/lib/containerd",
                                        "name": "containerd",
                                        "pvc_storage_class": "vmfs-san"
                                      }
                                    ]
                                  }
                                ],
                                "worker_node_count": "2"
                              }
                            ]
                          }
                        ]
                      }
                    ]
                  }
                ],
                "tkg_vsphere": []
              }
            ],
            "status": {
              "health": "HEALTHY",
              "infra_provider": "VMWARE_VSPHERE",
              "infra_provider_region": "",
              "k8s_provider_type": "VMWARE_TANZU_KUBERNETES_GRID_SERVICE",
              "k8s_provider_version": "",
              "k8s_version": "v1.24.11+vmware.1-fips.1",
              "node_count": "5",
              "phase": "READY",
              "type": "TANZU_KUBERNETES_GRID_SERVICE"
            }
          },
          "sensitive_attributes": [],
          "private": "bnVsbA=="
        }
      ]
    },
    {
      "module": "module.terraform-demo-cluster1",
      "mode": "managed",
      "type": "tanzu-mission-control_cluster",
      "name": "create_tkgs_workload",
      "provider": "module.terraform-demo-cluster1.provider[\"registry.terraform.io/vmware/tanzu-mission-control\"]",
      "instances": [
        {
          "schema_version": 0,
          "attributes": {
            "attach_k8s_cluster": [],
            "id": "c:01HCWWVZEHEV9TJAZHDH83XX5R",
            "management_cluster_name": "homelab-dev-tanzu",
            "meta": [
              {
                "annotations": {
                  "authoritativeRID": "rid:c:fc146fc8-5aa7-45b4-a4ea-b8c297477c23:homelab-dev-tanzu:sv1-dev-sandbox-vns:terraform-demo-cluster1"
                },
                "description": "",
                "labels": {
                  "app": "Internal",
                  "ci-account": "homelab",
                  "ci-department": "IT",
                  "ci-e2customer": "internal",
                  "ci-env": "dev",
                  "ci-hubid": "000",
                  "ci-servicetier": "dummy",
                  "ci-solution": "Testing",
                  "ns-category": "workload",
                  "owner": "john-doe",
                  "project": "my-project",
                  "resourcequota": "default",
                  "team": "dev-team",
                  "tmc.cloud.vmware.com/creator": "rajesh.natarajan_homelab.com"
                },
                "resource_version": "663115:675043746",
                "uid": "c:01HCWWVZEHEV9TJAZHDH83XX5R"
              }
            ],
            "name": "terraform-demo-cluster1",
            "provisioner_name": "sv1-dev-sandbox-vns",
            "ready_wait_timeout": "15m",
            "spec": [
              {
                "cluster_group": "dev-packages-demo",
                "image_registry": "",
                "proxy": "",
                "tkg_aws": [],
                "tkg_service_vsphere": [
                  {
                    "distribution": [
                      {
                        "os_arch": "",
                        "os_name": "",
                        "os_version": "",
                        "version": "v1.24.11+vmware.1-fips.1-tkg.1.ubuntu"
                      }
                    ],
                    "settings": [
                      {
                        "network": [
                          {
                            "pods": [
                              {
                                "cidr_blocks": [
                                  "172.20.0.0/16"
                                ]
                              }
                            ],
                            "services": [
                              {
                                "cidr_blocks": [
                                  "10.96.0.0/16"
                                ]
                              }
                            ]
                          }
                        ],
                        "storage": [
                          {
                            "classes": [
                              "vmfs-san"
                            ],
                            "default_class": "vmfs-san"
                          }
                        ]
                      }
                    ],
                    "topology": [
                      {
                        "control_plane": [
                          {
                            "class": "best-effort-large",
                            "high_availability": true,
                            "storage_class": "vmfs-san",
                            "volumes": [
                              {
                                "capacity": 50,
                                "mount_path": "/var/lib/etcd",
                                "name": "etcd",
                                "pvc_storage_class": "vmfs-san"
                              }
                            ]
                          }
                        ],
                        "node_pools": [
                          {
                            "info": [
                              {
                                "description": "",
                                "name": "default"
                              }
                            ],
                            "spec": [
                              {
                                "cloud_label": {
                                  "env": "dev"
                                },
                                "node_label": {
                                  "node": "worker"
                                },
                                "tkg_service_vsphere": [
                                  {
                                    "class": "best-effort-large",
                                    "failure_domain": "",
                                    "storage_class": "vmfs-san",
                                    "volumes": [
                                      {
                                        "capacity": 100,
                                        "mount_path": "/var/lib/containerd",
                                        "name": "containerd",
                                        "pvc_storage_class": "vmfs-san"
                                      }
                                    ]
                                  }
                                ],
                                "worker_node_count": "2"
                              }
                            ]
                          }
                        ]
                      }
                    ]
                  }
                ],
                "tkg_vsphere": []
              }
            ],
            "status": {
              "health": "",
              "infra_provider": "VMWARE_VSPHERE",
              "infra_provider_region": "",
              "k8s_provider_type": "VMWARE_TANZU_KUBERNETES_GRID_SERVICE",
              "k8s_provider_version": "",
              "k8s_version": "v1.24.11+vmware.1-fips.1",
              "node_count": "",
              "phase": "READY",
              "type": "TANZU_KUBERNETES_GRID_SERVICE"
            }
          },
          "sensitive_attributes": [],
          "private": "bnVsbA=="
        }
      ]
    }
  ],
  "check_results": null
}
